# This file is automatically @generated by Cargo.
# It is not intended for manual editing.
[[package]]
name = "dtb"
version = "0.2.0"
source = "registry+https://github.com/rust-lang/crates.io-index"

[[package]]
name = "octopus"
version = "0.1.0"
dependencies = [
 "dtb 0.2.0 (registry+https://github.com/rust-lang/crates.io-index)",
]

[metadata]
"checksum dtb 0.2.0 (registry+https://github.com/rust-lang/crates.io-index)" = "be6c6e1672a044abd9652045ba11beb1c7fbec7e5262dcba54795e82aa577971"
